// !$*UTF8*$!
{
	archiveVersion = 1;
	classes = {
	};
	objectVersion = 46;
	objects = {

/* Begin PBXBuildFile section */
		A0812E521F5E432C00E0F51D /* main.m in Sources */ = {isa = PBXBuildFile; fileRef = A0812E511F5E432C00E0F51D /* main.m */; };
		A0812E551F5E432C00E0F51D /* AppDelegate.m in Sources */ = {isa = PBXBuildFile; fileRef = A0812E541F5E432C00E0F51D /* AppDelegate.m */; };
		A0812E581F5E432C00E0F51D /* ViewController.m in Sources */ = {isa = PBXBuildFile; fileRef = A0812E571F5E432C00E0F51D /* ViewController.m */; };
		A0812E5B1F5E432C00E0F51D /* Main.storyboard in Resources */ = {isa = PBXBuildFile; fileRef = A0812E591F5E432C00E0F51D /* Main.storyboard */; };
		A0812E5D1F5E432C00E0F51D /* Assets.xcassets in Resources */ = {isa = PBXBuildFile; fileRef = A0812E5C1F5E432C00E0F51D /* Assets.xcassets */; };
		A0812E601F5E432C00E0F51D /* LaunchScreen.storyboard in Resources */ = {isa = PBXBuildFile; fileRef = A0812E5E1F5E432C00E0F51D /* LaunchScreen.storyboard */; };
		A0812E6B1F5E432D00E0F51D /* LearningReviewTests.m in Sources */ = {isa = PBXBuildFile; fileRef = A0812E6A1F5E432D00E0F51D /* LearningReviewTests.m */; };
		A0812E761F5E432D00E0F51D /* LearningReviewUITests.m in Sources */ = {isa = PBXBuildFile; fileRef = A0812E751F5E432D00E0F51D /* LearningReviewUITests.m */; };
		A0812E871F5E439400E0F51D /* CoreAnimationViewController.m in Sources */ = {isa = PBXBuildFile; fileRef = A0812E851F5E439400E0F51D /* CoreAnimationViewController.m */; };
		A0812E881F5E439400E0F51D /* CoreAnimationViewController.xib in Resources */ = {isa = PBXBuildFile; fileRef = A0812E861F5E439400E0F51D /* CoreAnimationViewController.xib */; };
		A0812E8D1F5E89F300E0F51D /* CAKeyframeAnimationViewController.m in Sources */ = {isa = PBXBuildFile; fileRef = A0812E8B1F5E89F300E0F51D /* CAKeyframeAnimationViewController.m */; };
		A0812E8E1F5E89F300E0F51D /* CAKeyframeAnimationViewController.xib in Resources */ = {isa = PBXBuildFile; fileRef = A0812E8C1F5E89F300E0F51D /* CAKeyframeAnimationViewController.xib */; };
		A0812E901F5E8DD600E0F51D /* CABasicAnimation in Resources */ = {isa = PBXBuildFile; fileRef = A0812E8F1F5E8DD600E0F51D /* CABasicAnimation */; };
		A0812E921F5E8E5C00E0F51D /* CAKeyframeAnimation in Resources */ = {isa = PBXBuildFile; fileRef = A0812E911F5E8E5C00E0F51D /* CAKeyframeAnimation */; };
		A0812E971F5E97C900E0F51D /* CATransitionViewController.m in Sources */ = {isa = PBXBuildFile; fileRef = A0812E951F5E97C900E0F51D /* CATransitionViewController.m */; };
		A0812E981F5E97C900E0F51D /* CATransitionViewController.xib in Resources */ = {isa = PBXBuildFile; fileRef = A0812E961F5E97C900E0F51D /* CATransitionViewController.xib */; };
		A0812E9A1F5E97D400E0F51D /* CATransition in Resources */ = {isa = PBXBuildFile; fileRef = A0812E991F5E97D400E0F51D /* CATransition */; };
		A0812E9C1F5E9E5200E0F51D /* text.png in Resources */ = {isa = PBXBuildFile; fileRef = A0812E9B1F5E9E5200E0F51D /* text.png */; };
		A0812E9E1F5E9ED200E0F51D /* watermark.png in Resources */ = {isa = PBXBuildFile; fileRef = A0812E9D1F5E9ED200E0F51D /* watermark.png */; };
		A0812EA31F5EA1C400E0F51D /* CASpringAnimationViewController.m in Sources */ = {isa = PBXBuildFile; fileRef = A0812EA11F5EA1C400E0F51D /* CASpringAnimationViewController.m */; };
		A0812EA41F5EA1C400E0F51D /* CASpringAnimationViewController.xib in Resources */ = {isa = PBXBuildFile; fileRef = A0812EA21F5EA1C400E0F51D /* CASpringAnimationViewController.xib */; };
		A0812EA61F5EA1D000E0F51D /* CASpringAnimation in Resources */ = {isa = PBXBuildFile; fileRef = A0812EA51F5EA1D000E0F51D /* CASpringAnimation */; };
		A0812EA91F5EA6E700E0F51D /* coreAnimation in Resources */ = {isa = PBXBuildFile; fileRef = A0812EA81F5EA6E700E0F51D /* coreAnimation */; };
		A0812EAE1F5F7D9500E0F51D /* CAAnimationGroupViewController.m in Sources */ = {isa = PBXBuildFile; fileRef = A0812EAC1F5F7D9500E0F51D /* CAAnimationGroupViewController.m */; };
		A0812EAF1F5F7D9500E0F51D /* CAAnimationGroupViewController.xib in Resources */ = {isa = PBXBuildFile; fileRef = A0812EAD1F5F7D9500E0F51D /* CAAnimationGroupViewController.xib */; };
		A0812EB11F5F7DA600E0F51D /* CAAnimationGroup in Resources */ = {isa = PBXBuildFile; fileRef = A0812EB01F5F7DA600E0F51D /* CAAnimationGroup */; };
		A0812EB61F5FC7F200E0F51D /* CATransactionViewController.m in Sources */ = {isa = PBXBuildFile; fileRef = A0812EB41F5FC7F200E0F51D /* CATransactionViewController.m */; };
		A0812EB71F5FC7F200E0F51D /* CATransactionViewController.xib in Resources */ = {isa = PBXBuildFile; fileRef = A0812EB51F5FC7F200E0F51D /* CATransactionViewController.xib */; };
		A0812EB91F5FC80300E0F51D /* CATransaction in Resources */ = {isa = PBXBuildFile; fileRef = A0812EB81F5FC80300E0F51D /* CATransaction */; };
		A0812EBE1F5FCB5F00E0F51D /* UIViewCoreAnimationViewController.m in Sources */ = {isa = PBXBuildFile; fileRef = A0812EBC1F5FCB5F00E0F51D /* UIViewCoreAnimationViewController.m */; };
		A0812EBF1F5FCB5F00E0F51D /* UIViewCoreAnimationViewController.xib in Resources */ = {isa = PBXBuildFile; fileRef = A0812EBD1F5FCB5F00E0F51D /* UIViewCoreAnimationViewController.xib */; };
		A0812EC11F5FCB7500E0F51D /* UIViewAnimation in Resources */ = {isa = PBXBuildFile; fileRef = A0812EC01F5FCB7500E0F51D /* UIViewAnimation */; };
		BD56929021AE2A8800253724 /* NSObject+performSelector.m in Sources */ = {isa = PBXBuildFile; fileRef = BD56928E21AE2A8800253724 /* NSObject+performSelector.m */; };
		BD56929421AE2E6C00253724 /* CGContextRefViewController.m in Sources */ = {isa = PBXBuildFile; fileRef = BD56929321AE2E6C00253724 /* CGContextRefViewController.m */; };
		BD56929621AE2E7D00253724 /* CGContextRef in Resources */ = {isa = PBXBuildFile; fileRef = BD56929521AE2E7D00253724 /* CGContextRef */; };
		BD56929921AE3F9D00253724 /* CGContextView.m in Sources */ = {isa = PBXBuildFile; fileRef = BD56929821AE3F9D00253724 /* CGContextView.m */; };
		BD56929C21AF863600253724 /* BlockNSObject.m in Sources */ = {isa = PBXBuildFile; fileRef = BD56929B21AF863600253724 /* BlockNSObject.m */; };
		BD5692A021AF8DAD00253724 /* StructViewController.m in Sources */ = {isa = PBXBuildFile; fileRef = BD56929F21AF8DAD00253724 /* StructViewController.m */; };
		BD5692A221AF8DBF00253724 /* Struct in Resources */ = {isa = PBXBuildFile; fileRef = BD5692A121AF8DBF00253724 /* Struct */; };
		BD5692A521AF8E9200253724 /* Struct.m in Sources */ = {isa = PBXBuildFile; fileRef = BD5692A421AF8E9200253724 /* Struct.m */; };
		BD5692A921AFC03300253724 /* Object_NSObject.m in Sources */ = {isa = PBXBuildFile; fileRef = BD5692A821AFC03300253724 /* Object_NSObject.m */; };
		BD5692AB21AFC04700253724 /* Object_NSObject in Resources */ = {isa = PBXBuildFile; fileRef = BD5692AA21AFC04700253724 /* Object_NSObject */; };
		BD5692AD21B0DA8600253724 /* block示意图.png in Resources */ = {isa = PBXBuildFile; fileRef = BD5692AC21B0DA8600253724 /* block示意图.png */; };
		BD5692AF21B0E33D00253724 /* block变量捕获.png in Resources */ = {isa = PBXBuildFile; fileRef = BD5692AE21B0E33D00253724 /* block变量捕获.png */; };
		BD5692B121B10D3A00253724 /* block本质 in Resources */ = {isa = PBXBuildFile; fileRef = BD5692B021B10D3900253724 /* block本质 */; };
		BD5692B321B10F8D00253724 /* block存储位置.png in Resources */ = {isa = PBXBuildFile; fileRef = BD5692B221B10F8D00253724 /* block存储位置.png */; };
		BD5692B521B1121B00253724 /* blcok类型判断.png in Resources */ = {isa = PBXBuildFile; fileRef = BD5692B421B1121B00253724 /* blcok类型判断.png */; };
		BD5692B721B1157E00253724 /* blockCopy后的类型转换.png in Resources */ = {isa = PBXBuildFile; fileRef = BD5692B621B1157E00253724 /* blockCopy后的类型转换.png */; };
		BD5692BD21B4D02300253724 /* RunloopViewController.m in Sources */ = {isa = PBXBuildFile; fileRef = BD5692BC21B4D02300253724 /* RunloopViewController.m */; };
		BD5692BF21B4D05900253724 /* runloop in Resources */ = {isa = PBXBuildFile; fileRef = BD5692BE21B4D05900253724 /* runloop */; };
		BD5692D921B91A5700253724 /* runloop的管理方式.png in Resources */ = {isa = PBXBuildFile; fileRef = BD5692D821B91A5700253724 /* runloop的管理方式.png */; };
		BD5692DB21B91AB900253724 /* runloop处理逻辑图.png in Resources */ = {isa = PBXBuildFile; fileRef = BD5692DA21B91AB900253724 /* runloop处理逻辑图.png */; };
		BD62E69421ACE14D009A22ED /* NSInvocationViewController.m in Sources */ = {isa = PBXBuildFile; fileRef = BD62E69321ACE14D009A22ED /* NSInvocationViewController.m */; };
		BD62E69F21ACEBB5009A22ED /* InvoPeople.m in Sources */ = {isa = PBXBuildFile; fileRef = BD62E69E21ACEBB5009A22ED /* InvoPeople.m */; };
		BD62E6A121ACF06F009A22ED /* NSInvocation in Resources */ = {isa = PBXBuildFile; fileRef = BD62E6A021ACF06F009A22ED /* NSInvocation */; };
		BD62E6A521AD284E009A22ED /* BlockViewController.m in Sources */ = {isa = PBXBuildFile; fileRef = BD62E6A421AD284E009A22ED /* BlockViewController.m */; };
		BDB8AF8821C341BF00E95DFC /* SwizzMethondViewController.m in Sources */ = {isa = PBXBuildFile; fileRef = BDB8AF8721C341BF00E95DFC /* SwizzMethondViewController.m */; };
		BDB8AF8D21C3422400E95DFC /* Methond_people.m in Sources */ = {isa = PBXBuildFile; fileRef = BDB8AF8C21C3422400E95DFC /* Methond_people.m */; };
		BDB8AF9021C3575900E95DFC /* Methond_bind.m in Sources */ = {isa = PBXBuildFile; fileRef = BDB8AF8F21C3575900E95DFC /* Methond_bind.m */; };
/* End PBXBuildFile section */

/* Begin PBXContainerItemProxy section */
		A0812E671F5E432D00E0F51D /* PBXContainerItemProxy */ = {
			isa = PBXContainerItemProxy;
			containerPortal = A0812E451F5E432B00E0F51D /* Project object */;
			proxyType = 1;
			remoteGlobalIDString = A0812E4C1F5E432B00E0F51D;
			remoteInfo = LearningReview;
		};
		A0812E721F5E432D00E0F51D /* PBXContainerItemProxy */ = {
			isa = PBXContainerItemProxy;
			containerPortal = A0812E451F5E432B00E0F51D /* Project object */;
			proxyType = 1;
			remoteGlobalIDString = A0812E4C1F5E432B00E0F51D;
			remoteInfo = LearningReview;
		};
/* End PBXContainerItemProxy section */

/* Begin PBXFileReference section */
		A0812E4D1F5E432B00E0F51D /* LearningReview.app */ = {isa = PBXFileReference; explicitFileType = wrapper.application; includeInIndex = 0; path = LearningReview.app; sourceTree = BUILT_PRODUCTS_DIR; };
		A0812E511F5E432C00E0F51D /* main.m */ = {isa = PBXFileReference; lastKnownFileType = sourcecode.c.objc; path = main.m; sourceTree = "<group>"; };
		A0812E531F5E432C00E0F51D /* AppDelegate.h */ = {isa = PBXFileReference; lastKnownFileType = sourcecode.c.h; path = AppDelegate.h; sourceTree = "<group>"; };
		A0812E541F5E432C00E0F51D /* AppDelegate.m */ = {isa = PBXFileReference; lastKnownFileType = sourcecode.c.objc; path = AppDelegate.m; sourceTree = "<group>"; };
		A0812E561F5E432C00E0F51D /* ViewController.h */ = {isa = PBXFileReference; lastKnownFileType = sourcecode.c.h; path = ViewController.h; sourceTree = "<group>"; };
		A0812E571F5E432C00E0F51D /* ViewController.m */ = {isa = PBXFileReference; lastKnownFileType = sourcecode.c.objc; path = ViewController.m; sourceTree = "<group>"; };
		A0812E5A1F5E432C00E0F51D /* Base */ = {isa = PBXFileReference; lastKnownFileType = file.storyboard; name = Base; path = Base.lproj/Main.storyboard; sourceTree = "<group>"; };
		A0812E5C1F5E432C00E0F51D /* Assets.xcassets */ = {isa = PBXFileReference; lastKnownFileType = folder.assetcatalog; path = Assets.xcassets; sourceTree = "<group>"; };
		A0812E5F1F5E432C00E0F51D /* Base */ = {isa = PBXFileReference; lastKnownFileType = file.storyboard; name = Base; path = Base.lproj/LaunchScreen.storyboard; sourceTree = "<group>"; };
		A0812E611F5E432C00E0F51D /* Info.plist */ = {isa = PBXFileReference; lastKnownFileType = text.plist.xml; path = Info.plist; sourceTree = "<group>"; };
		A0812E661F5E432D00E0F51D /* LearningReviewTests.xctest */ = {isa = PBXFileReference; explicitFileType = wrapper.cfbundle; includeInIndex = 0; path = LearningReviewTests.xctest; sourceTree = BUILT_PRODUCTS_DIR; };
		A0812E6A1F5E432D00E0F51D /* LearningReviewTests.m */ = {isa = PBXFileReference; lastKnownFileType = sourcecode.c.objc; path = LearningReviewTests.m; sourceTree = "<group>"; };
		A0812E6C1F5E432D00E0F51D /* Info.plist */ = {isa = PBXFileReference; lastKnownFileType = text.plist.xml; path = Info.plist; sourceTree = "<group>"; };
		A0812E711F5E432D00E0F51D /* LearningReviewUITests.xctest */ = {isa = PBXFileReference; explicitFileType = wrapper.cfbundle; includeInIndex = 0; path = LearningReviewUITests.xctest; sourceTree = BUILT_PRODUCTS_DIR; };
		A0812E751F5E432D00E0F51D /* LearningReviewUITests.m */ = {isa = PBXFileReference; lastKnownFileType = sourcecode.c.objc; path = LearningReviewUITests.m; sourceTree = "<group>"; };
		A0812E771F5E432D00E0F51D /* Info.plist */ = {isa = PBXFileReference; lastKnownFileType = text.plist.xml; path = Info.plist; sourceTree = "<group>"; };
		A0812E841F5E439400E0F51D /* CoreAnimationViewController.h */ = {isa = PBXFileReference; fileEncoding = 4; lastKnownFileType = sourcecode.c.h; path = CoreAnimationViewController.h; sourceTree = "<group>"; };
		A0812E851F5E439400E0F51D /* CoreAnimationViewController.m */ = {isa = PBXFileReference; fileEncoding = 4; lastKnownFileType = sourcecode.c.objc; path = CoreAnimationViewController.m; sourceTree = "<group>"; };
		A0812E861F5E439400E0F51D /* CoreAnimationViewController.xib */ = {isa = PBXFileReference; fileEncoding = 4; lastKnownFileType = file.xib; path = CoreAnimationViewController.xib; sourceTree = "<group>"; };
		A0812E8A1F5E89F300E0F51D /* CAKeyframeAnimationViewController.h */ = {isa = PBXFileReference; fileEncoding = 4; lastKnownFileType = sourcecode.c.h; path = CAKeyframeAnimationViewController.h; sourceTree = "<group>"; };
		A0812E8B1F5E89F300E0F51D /* CAKeyframeAnimationViewController.m */ = {isa = PBXFileReference; fileEncoding = 4; lastKnownFileType = sourcecode.c.objc; path = CAKeyframeAnimationViewController.m; sourceTree = "<group>"; };
		A0812E8C1F5E89F300E0F51D /* CAKeyframeAnimationViewController.xib */ = {isa = PBXFileReference; fileEncoding = 4; lastKnownFileType = file.xib; path = CAKeyframeAnimationViewController.xib; sourceTree = "<group>"; };
		A0812E8F1F5E8DD600E0F51D /* CABasicAnimation */ = {isa = PBXFileReference; fileEncoding = 4; lastKnownFileType = text; path = CABasicAnimation; sourceTree = "<group>"; };
		A0812E911F5E8E5C00E0F51D /* CAKeyframeAnimation */ = {isa = PBXFileReference; fileEncoding = 4; lastKnownFileType = text; path = CAKeyframeAnimation; sourceTree = "<group>"; };
		A0812E941F5E97C900E0F51D /* CATransitionViewController.h */ = {isa = PBXFileReference; fileEncoding = 4; lastKnownFileType = sourcecode.c.h; path = CATransitionViewController.h; sourceTree = "<group>"; };
		A0812E951F5E97C900E0F51D /* CATransitionViewController.m */ = {isa = PBXFileReference; fileEncoding = 4; lastKnownFileType = sourcecode.c.objc; path = CATransitionViewController.m; sourceTree = "<group>"; };
		A0812E961F5E97C900E0F51D /* CATransitionViewController.xib */ = {isa = PBXFileReference; fileEncoding = 4; lastKnownFileType = file.xib; path = CATransitionViewController.xib; sourceTree = "<group>"; };
		A0812E991F5E97D400E0F51D /* CATransition */ = {isa = PBXFileReference; fileEncoding = 4; lastKnownFileType = text; path = CATransition; sourceTree = "<group>"; };
		A0812E9B1F5E9E5200E0F51D /* text.png */ = {isa = PBXFileReference; lastKnownFileType = image.png; path = text.png; sourceTree = "<group>"; };
		A0812E9D1F5E9ED200E0F51D /* watermark.png */ = {isa = PBXFileReference; lastKnownFileType = image.png; path = watermark.png; sourceTree = "<group>"; };
		A0812EA01F5EA1C400E0F51D /* CASpringAnimationViewController.h */ = {isa = PBXFileReference; fileEncoding = 4; lastKnownFileType = sourcecode.c.h; path = CASpringAnimationViewController.h; sourceTree = "<group>"; };
		A0812EA11F5EA1C400E0F51D /* CASpringAnimationViewController.m */ = {isa = PBXFileReference; fileEncoding = 4; lastKnownFileType = sourcecode.c.objc; path = CASpringAnimationViewController.m; sourceTree = "<group>"; };
		A0812EA21F5EA1C400E0F51D /* CASpringAnimationViewController.xib */ = {isa = PBXFileReference; fileEncoding = 4; lastKnownFileType = file.xib; path = CASpringAnimationViewController.xib; sourceTree = "<group>"; };
		A0812EA51F5EA1D000E0F51D /* CASpringAnimation */ = {isa = PBXFileReference; fileEncoding = 4; lastKnownFileType = text; path = CASpringAnimation; sourceTree = "<group>"; };
		A0812EA81F5EA6E700E0F51D /* coreAnimation */ = {isa = PBXFileReference; fileEncoding = 4; lastKnownFileType = text; path = coreAnimation; sourceTree = "<group>"; };
		A0812EAB1F5F7D9500E0F51D /* CAAnimationGroupViewController.h */ = {isa = PBXFileReference; fileEncoding = 4; lastKnownFileType = sourcecode.c.h; path = CAAnimationGroupViewController.h; sourceTree = "<group>"; };
		A0812EAC1F5F7D9500E0F51D /* CAAnimationGroupViewController.m */ = {isa = PBXFileReference; fileEncoding = 4; lastKnownFileType = sourcecode.c.objc; path = CAAnimationGroupViewController.m; sourceTree = "<group>"; };
		A0812EAD1F5F7D9500E0F51D /* CAAnimationGroupViewController.xib */ = {isa = PBXFileReference; fileEncoding = 4; lastKnownFileType = file.xib; path = CAAnimationGroupViewController.xib; sourceTree = "<group>"; };
		A0812EB01F5F7DA600E0F51D /* CAAnimationGroup */ = {isa = PBXFileReference; fileEncoding = 4; lastKnownFileType = text; path = CAAnimationGroup; sourceTree = "<group>"; };
		A0812EB31F5FC7F200E0F51D /* CATransactionViewController.h */ = {isa = PBXFileReference; fileEncoding = 4; lastKnownFileType = sourcecode.c.h; path = CATransactionViewController.h; sourceTree = "<group>"; };
		A0812EB41F5FC7F200E0F51D /* CATransactionViewController.m */ = {isa = PBXFileReference; fileEncoding = 4; lastKnownFileType = sourcecode.c.objc; path = CATransactionViewController.m; sourceTree = "<group>"; };
		A0812EB51F5FC7F200E0F51D /* CATransactionViewController.xib */ = {isa = PBXFileReference; fileEncoding = 4; lastKnownFileType = file.xib; path = CATransactionViewController.xib; sourceTree = "<group>"; };
		A0812EB81F5FC80300E0F51D /* CATransaction */ = {isa = PBXFileReference; fileEncoding = 4; lastKnownFileType = text; path = CATransaction; sourceTree = "<group>"; };
		A0812EBB1F5FCB5F00E0F51D /* UIViewCoreAnimationViewController.h */ = {isa = PBXFileReference; fileEncoding = 4; lastKnownFileType = sourcecode.c.h; path = UIViewCoreAnimationViewController.h; sourceTree = "<group>"; };
		A0812EBC1F5FCB5F00E0F51D /* UIViewCoreAnimationViewController.m */ = {isa = PBXFileReference; fileEncoding = 4; lastKnownFileType = sourcecode.c.objc; path = UIViewCoreAnimationViewController.m; sourceTree = "<group>"; };
		A0812EBD1F5FCB5F00E0F51D /* UIViewCoreAnimationViewController.xib */ = {isa = PBXFileReference; fileEncoding = 4; lastKnownFileType = file.xib; path = UIViewCoreAnimationViewController.xib; sourceTree = "<group>"; };
		A0812EC01F5FCB7500E0F51D /* UIViewAnimation */ = {isa = PBXFileReference; fileEncoding = 4; lastKnownFileType = text; path = UIViewAnimation; sourceTree = "<group>"; };
		BD56928E21AE2A8800253724 /* NSObject+performSelector.m */ = {isa = PBXFileReference; fileEncoding = 4; lastKnownFileType = sourcecode.c.objc; path = "NSObject+performSelector.m"; sourceTree = "<group>"; };
		BD56928F21AE2A8800253724 /* NSObject+performSelector.h */ = {isa = PBXFileReference; fileEncoding = 4; lastKnownFileType = sourcecode.c.h; path = "NSObject+performSelector.h"; sourceTree = "<group>"; };
		BD56929221AE2E6C00253724 /* CGContextRefViewController.h */ = {isa = PBXFileReference; lastKnownFileType = sourcecode.c.h; path = CGContextRefViewController.h; sourceTree = "<group>"; };
		BD56929321AE2E6C00253724 /* CGContextRefViewController.m */ = {isa = PBXFileReference; lastKnownFileType = sourcecode.c.objc; path = CGContextRefViewController.m; sourceTree = "<group>"; };
		BD56929521AE2E7D00253724 /* CGContextRef */ = {isa = PBXFileReference; fileEncoding = 4; lastKnownFileType = text; name = CGContextRef; path = ../../../../../CGContextRef; sourceTree = "<group>"; };
		BD56929721AE3F9D00253724 /* CGContextView.h */ = {isa = PBXFileReference; lastKnownFileType = sourcecode.c.h; path = CGContextView.h; sourceTree = "<group>"; };
		BD56929821AE3F9D00253724 /* CGContextView.m */ = {isa = PBXFileReference; lastKnownFileType = sourcecode.c.objc; path = CGContextView.m; sourceTree = "<group>"; };
		BD56929A21AF863600253724 /* BlockNSObject.h */ = {isa = PBXFileReference; lastKnownFileType = sourcecode.c.h; path = BlockNSObject.h; sourceTree = "<group>"; };
		BD56929B21AF863600253724 /* BlockNSObject.m */ = {isa = PBXFileReference; lastKnownFileType = sourcecode.c.objc; path = BlockNSObject.m; sourceTree = "<group>"; };
		BD56929E21AF8DAD00253724 /* StructViewController.h */ = {isa = PBXFileReference; lastKnownFileType = sourcecode.c.h; path = StructViewController.h; sourceTree = "<group>"; };
		BD56929F21AF8DAD00253724 /* StructViewController.m */ = {isa = PBXFileReference; lastKnownFileType = sourcecode.c.objc; path = StructViewController.m; sourceTree = "<group>"; };
		BD5692A121AF8DBF00253724 /* Struct */ = {isa = PBXFileReference; fileEncoding = 4; lastKnownFileType = text; path = Struct; sourceTree = "<group>"; };
		BD5692A321AF8E9200253724 /* Struct.h */ = {isa = PBXFileReference; lastKnownFileType = sourcecode.c.h; path = Struct.h; sourceTree = "<group>"; };
		BD5692A421AF8E9200253724 /* Struct.m */ = {isa = PBXFileReference; lastKnownFileType = sourcecode.c.objc; path = Struct.m; sourceTree = "<group>"; };
		BD5692A721AFC03300253724 /* Object_NSObject.h */ = {isa = PBXFileReference; lastKnownFileType = sourcecode.c.h; path = Object_NSObject.h; sourceTree = "<group>"; };
		BD5692A821AFC03300253724 /* Object_NSObject.m */ = {isa = PBXFileReference; lastKnownFileType = sourcecode.c.objc; path = Object_NSObject.m; sourceTree = "<group>"; };
		BD5692AA21AFC04700253724 /* Object_NSObject */ = {isa = PBXFileReference; fileEncoding = 4; lastKnownFileType = text; path = Object_NSObject; sourceTree = "<group>"; };
		BD5692AC21B0DA8600253724 /* block示意图.png */ = {isa = PBXFileReference; lastKnownFileType = image.png; path = "block示意图.png"; sourceTree = "<group>"; };
		BD5692AE21B0E33D00253724 /* block变量捕获.png */ = {isa = PBXFileReference; lastKnownFileType = image.png; path = "block变量捕获.png"; sourceTree = "<group>"; };
		BD5692B021B10D3900253724 /* block本质 */ = {isa = PBXFileReference; fileEncoding = 4; lastKnownFileType = text; path = "block本质"; sourceTree = "<group>"; };
		BD5692B221B10F8D00253724 /* block存储位置.png */ = {isa = PBXFileReference; lastKnownFileType = image.png; path = "block存储位置.png"; sourceTree = "<group>"; };
		BD5692B421B1121B00253724 /* blcok类型判断.png */ = {isa = PBXFileReference; lastKnownFileType = image.png; path = "blcok类型判断.png"; sourceTree = "<group>"; };
		BD5692B621B1157E00253724 /* blockCopy后的类型转换.png */ = {isa = PBXFileReference; lastKnownFileType = image.png; path = "blockCopy后的类型转换.png"; sourceTree = "<group>"; };
		BD5692BB21B4D02300253724 /* RunloopViewController.h */ = {isa = PBXFileReference; lastKnownFileType = sourcecode.c.h; path = RunloopViewController.h; sourceTree = "<group>"; };
		BD5692BC21B4D02300253724 /* RunloopViewController.m */ = {isa = PBXFileReference; lastKnownFileType = sourcecode.c.objc; path = RunloopViewController.m; sourceTree = "<group>"; };
		BD5692BE21B4D05900253724 /* runloop */ = {isa = PBXFileReference; fileEncoding = 4; lastKnownFileType = text; path = runloop; sourceTree = "<group>"; };
		BD5692D821B91A5700253724 /* runloop的管理方式.png */ = {isa = PBXFileReference; lastKnownFileType = image.png; path = "runloop的管理方式.png"; sourceTree = "<group>"; };
		BD5692DA21B91AB900253724 /* runloop处理逻辑图.png */ = {isa = PBXFileReference; lastKnownFileType = image.png; path = "runloop处理逻辑图.png"; sourceTree = "<group>"; };
		BD62E69221ACE14D009A22ED /* NSInvocationViewController.h */ = {isa = PBXFileReference; lastKnownFileType = sourcecode.c.h; path = NSInvocationViewController.h; sourceTree = "<group>"; };
		BD62E69321ACE14D009A22ED /* NSInvocationViewController.m */ = {isa = PBXFileReference; lastKnownFileType = sourcecode.c.objc; path = NSInvocationViewController.m; sourceTree = "<group>"; };
		BD62E69D21ACEBB5009A22ED /* InvoPeople.h */ = {isa = PBXFileReference; lastKnownFileType = sourcecode.c.h; path = InvoPeople.h; sourceTree = "<group>"; };
		BD62E69E21ACEBB5009A22ED /* InvoPeople.m */ = {isa = PBXFileReference; lastKnownFileType = sourcecode.c.objc; path = InvoPeople.m; sourceTree = "<group>"; };
		BD62E6A021ACF06F009A22ED /* NSInvocation */ = {isa = PBXFileReference; fileEncoding = 4; lastKnownFileType = text; path = NSInvocation; sourceTree = "<group>"; };
		BD62E6A321AD284E009A22ED /* BlockViewController.h */ = {isa = PBXFileReference; lastKnownFileType = sourcecode.c.h; path = BlockViewController.h; sourceTree = "<group>"; };
		BD62E6A421AD284E009A22ED /* BlockViewController.m */ = {isa = PBXFileReference; lastKnownFileType = sourcecode.c.objc; path = BlockViewController.m; sourceTree = "<group>"; };
		BDB8AF8621C341BF00E95DFC /* SwizzMethondViewController.h */ = {isa = PBXFileReference; lastKnownFileType = sourcecode.c.h; path = SwizzMethondViewController.h; sourceTree = "<group>"; };
		BDB8AF8721C341BF00E95DFC /* SwizzMethondViewController.m */ = {isa = PBXFileReference; lastKnownFileType = sourcecode.c.objc; path = SwizzMethondViewController.m; sourceTree = "<group>"; };
		BDB8AF8B21C3422400E95DFC /* Methond_people.h */ = {isa = PBXFileReference; lastKnownFileType = sourcecode.c.h; path = Methond_people.h; sourceTree = "<group>"; };
		BDB8AF8C21C3422400E95DFC /* Methond_people.m */ = {isa = PBXFileReference; lastKnownFileType = sourcecode.c.objc; path = Methond_people.m; sourceTree = "<group>"; };
		BDB8AF8E21C3575900E95DFC /* Methond_bind.h */ = {isa = PBXFileReference; lastKnownFileType = sourcecode.c.h; path = Methond_bind.h; sourceTree = "<group>"; };
		BDB8AF8F21C3575900E95DFC /* Methond_bind.m */ = {isa = PBXFileReference; lastKnownFileType = sourcecode.c.objc; path = Methond_bind.m; sourceTree = "<group>"; };
/* End PBXFileReference section */

/* Begin PBXFrameworksBuildPhase section */
		A0812E4A1F5E432B00E0F51D /* Frameworks */ = {
			isa = PBXFrameworksBuildPhase;
			buildActionMask = 2147483647;
			files = (
			);
			runOnlyForDeploymentPostprocessing = 0;
		};
		A0812E631F5E432D00E0F51D /* Frameworks */ = {
			isa = PBXFrameworksBuildPhase;
			buildActionMask = 2147483647;
			files = (
			);
			runOnlyForDeploymentPostprocessing = 0;
		};
		A0812E6E1F5E432D00E0F51D /* Frameworks */ = {
			isa = PBXFrameworksBuildPhase;
			buildActionMask = 2147483647;
			files = (
			);
			runOnlyForDeploymentPostprocessing = 0;
		};
/* End PBXFrameworksBuildPhase section */

/* Begin PBXGroup section */
		A0812E441F5E432B00E0F51D = {
			isa = PBXGroup;
			children = (
				A0812E4F1F5E432B00E0F51D /* LearningReview */,
				A0812E691F5E432D00E0F51D /* LearningReviewTests */,
				A0812E741F5E432D00E0F51D /* LearningReviewUITests */,
				A0812E4E1F5E432B00E0F51D /* Products */,
			);
			sourceTree = "<group>";
		};
		A0812E4E1F5E432B00E0F51D /* Products */ = {
			isa = PBXGroup;
			children = (
				A0812E4D1F5E432B00E0F51D /* LearningReview.app */,
				A0812E661F5E432D00E0F51D /* LearningReviewTests.xctest */,
				A0812E711F5E432D00E0F51D /* LearningReviewUITests.xctest */,
			);
			name = Products;
			sourceTree = "<group>";
		};
		A0812E4F1F5E432B00E0F51D /* LearningReview */ = {
			isa = PBXGroup;
			children = (
				BD5692BA21B4CFF600253724 /* runloop底层原理 */,
				BD5692A621AFC01500253724 /* 对象本质 */,
				BD56929D21AF8D9D00253724 /* 结构体 */,
				BD56929121AE2E1700253724 /* CGContextRef绘画 */,
				BD62E6A221AD283A009A22ED /* block底层原理 */,
				BD62E69121ACE138009A22ED /* 消息转发 */,
				A0812EBA1F5FCB2C00E0F51D /* UIView动画 */,
				A0812EA71F5EA6CF00E0F51D /* coreAnimation */,
				A0812E531F5E432C00E0F51D /* AppDelegate.h */,
				A0812E541F5E432C00E0F51D /* AppDelegate.m */,
				A0812E561F5E432C00E0F51D /* ViewController.h */,
				A0812E571F5E432C00E0F51D /* ViewController.m */,
				A0812E591F5E432C00E0F51D /* Main.storyboard */,
				A0812E5C1F5E432C00E0F51D /* Assets.xcassets */,
				A0812E5E1F5E432C00E0F51D /* LaunchScreen.storyboard */,
				A0812E611F5E432C00E0F51D /* Info.plist */,
				A0812E501F5E432B00E0F51D /* Supporting Files */,
			);
			path = LearningReview;
			sourceTree = "<group>";
		};
		A0812E501F5E432B00E0F51D /* Supporting Files */ = {
			isa = PBXGroup;
			children = (
				A0812E511F5E432C00E0F51D /* main.m */,
			);
			name = "Supporting Files";
			sourceTree = "<group>";
		};
		A0812E691F5E432D00E0F51D /* LearningReviewTests */ = {
			isa = PBXGroup;
			children = (
				A0812E6A1F5E432D00E0F51D /* LearningReviewTests.m */,
				A0812E6C1F5E432D00E0F51D /* Info.plist */,
			);
			path = LearningReviewTests;
			sourceTree = "<group>";
		};
		A0812E741F5E432D00E0F51D /* LearningReviewUITests */ = {
			isa = PBXGroup;
			children = (
				A0812E751F5E432D00E0F51D /* LearningReviewUITests.m */,
				A0812E771F5E432D00E0F51D /* Info.plist */,
			);
			path = LearningReviewUITests;
			sourceTree = "<group>";
		};
		A0812E831F5E434500E0F51D /* CABasicAnimation */ = {
			isa = PBXGroup;
			children = (
				A0812E841F5E439400E0F51D /* CoreAnimationViewController.h */,
				A0812E851F5E439400E0F51D /* CoreAnimationViewController.m */,
				A0812E8F1F5E8DD600E0F51D /* CABasicAnimation */,
				A0812E861F5E439400E0F51D /* CoreAnimationViewController.xib */,
			);
			name = CABasicAnimation;
			sourceTree = "<group>";
		};
		A0812E891F5E89D800E0F51D /* CAKeyframeAnimation */ = {
			isa = PBXGroup;
			children = (
				A0812E8A1F5E89F300E0F51D /* CAKeyframeAnimationViewController.h */,
				A0812E8B1F5E89F300E0F51D /* CAKeyframeAnimationViewController.m */,
				A0812E911F5E8E5C00E0F51D /* CAKeyframeAnimation */,
				A0812E8C1F5E89F300E0F51D /* CAKeyframeAnimationViewController.xib */,
			);
			name = CAKeyframeAnimation;
			sourceTree = "<group>";
		};
		A0812E931F5E97A700E0F51D /* CATransition */ = {
			isa = PBXGroup;
			children = (
				A0812E941F5E97C900E0F51D /* CATransitionViewController.h */,
				A0812E951F5E97C900E0F51D /* CATransitionViewController.m */,
				A0812E9B1F5E9E5200E0F51D /* text.png */,
				A0812E9D1F5E9ED200E0F51D /* watermark.png */,
				A0812E991F5E97D400E0F51D /* CATransition */,
				A0812E961F5E97C900E0F51D /* CATransitionViewController.xib */,
			);
			name = CATransition;
			sourceTree = "<group>";
		};
		A0812E9F1F5EA1A900E0F51D /* CASpringAnimation */ = {
			isa = PBXGroup;
			children = (
				A0812EA01F5EA1C400E0F51D /* CASpringAnimationViewController.h */,
				A0812EA11F5EA1C400E0F51D /* CASpringAnimationViewController.m */,
				A0812EA51F5EA1D000E0F51D /* CASpringAnimation */,
				A0812EA21F5EA1C400E0F51D /* CASpringAnimationViewController.xib */,
			);
			name = CASpringAnimation;
			sourceTree = "<group>";
		};
		A0812EA71F5EA6CF00E0F51D /* coreAnimation */ = {
			isa = PBXGroup;
			children = (
				A0812EA81F5EA6E700E0F51D /* coreAnimation */,
				A0812EB21F5FC7E200E0F51D /* CATransaction */,
				A0812EAA1F5F7D8500E0F51D /* CAAnimationGroup */,
				A0812E9F1F5EA1A900E0F51D /* CASpringAnimation */,
				A0812E931F5E97A700E0F51D /* CATransition */,
				A0812E891F5E89D800E0F51D /* CAKeyframeAnimation */,
				A0812E831F5E434500E0F51D /* CABasicAnimation */,
			);
			name = coreAnimation;
			sourceTree = "<group>";
		};
		A0812EAA1F5F7D8500E0F51D /* CAAnimationGroup */ = {
			isa = PBXGroup;
			children = (
				A0812EAB1F5F7D9500E0F51D /* CAAnimationGroupViewController.h */,
				A0812EAC1F5F7D9500E0F51D /* CAAnimationGroupViewController.m */,
				A0812EAD1F5F7D9500E0F51D /* CAAnimationGroupViewController.xib */,
				A0812EB01F5F7DA600E0F51D /* CAAnimationGroup */,
			);
			name = CAAnimationGroup;
			sourceTree = "<group>";
		};
		A0812EB21F5FC7E200E0F51D /* CATransaction */ = {
			isa = PBXGroup;
			children = (
				A0812EB31F5FC7F200E0F51D /* CATransactionViewController.h */,
				A0812EB41F5FC7F200E0F51D /* CATransactionViewController.m */,
				A0812EB81F5FC80300E0F51D /* CATransaction */,
				A0812EB51F5FC7F200E0F51D /* CATransactionViewController.xib */,
			);
			name = CATransaction;
			sourceTree = "<group>";
		};
		A0812EBA1F5FCB2C00E0F51D /* UIView动画 */ = {
			isa = PBXGroup;
			children = (
				A0812EBB1F5FCB5F00E0F51D /* UIViewCoreAnimationViewController.h */,
				A0812EBC1F5FCB5F00E0F51D /* UIViewCoreAnimationViewController.m */,
				A0812EC01F5FCB7500E0F51D /* UIViewAnimation */,
				A0812EBD1F5FCB5F00E0F51D /* UIViewCoreAnimationViewController.xib */,
			);
			name = "UIView动画";
			sourceTree = "<group>";
		};
		BD56929121AE2E1700253724 /* CGContextRef绘画 */ = {
			isa = PBXGroup;
			children = (
				BD56929521AE2E7D00253724 /* CGContextRef */,
				BD56929221AE2E6C00253724 /* CGContextRefViewController.h */,
				BD56929321AE2E6C00253724 /* CGContextRefViewController.m */,
				BD56929721AE3F9D00253724 /* CGContextView.h */,
				BD56929821AE3F9D00253724 /* CGContextView.m */,
			);
			name = "CGContextRef绘画";
			sourceTree = "<group>";
		};
		BD56929D21AF8D9D00253724 /* 结构体 */ = {
			isa = PBXGroup;
			children = (
				BD5692A121AF8DBF00253724 /* Struct */,
				BD56929E21AF8DAD00253724 /* StructViewController.h */,
				BD56929F21AF8DAD00253724 /* StructViewController.m */,
				BD5692A321AF8E9200253724 /* Struct.h */,
				BD5692A421AF8E9200253724 /* Struct.m */,
			);
			name = "结构体";
			sourceTree = "<group>";
		};
		BD5692A621AFC01500253724 /* 对象本质 */ = {
			isa = PBXGroup;
			children = (
				BD5692AA21AFC04700253724 /* Object_NSObject */,
				BD5692A721AFC03300253724 /* Object_NSObject.h */,
				BD5692A821AFC03300253724 /* Object_NSObject.m */,
			);
			name = "对象本质";
			sourceTree = "<group>";
		};
		BD5692BA21B4CFF600253724 /* runloop底层原理 */ = {
			isa = PBXGroup;
			children = (
				BD5692D821B91A5700253724 /* runloop的管理方式.png */,
				BD5692DA21B91AB900253724 /* runloop处理逻辑图.png */,
				BD5692BE21B4D05900253724 /* runloop */,
				BD5692BB21B4D02300253724 /* RunloopViewController.h */,
				BD5692BC21B4D02300253724 /* RunloopViewController.m */,
			);
			name = "runloop底层原理";
			sourceTree = "<group>";
		};
		BD62E69121ACE138009A22ED /* 消息转发 */ = {
			isa = PBXGroup;
			children = (
				BDB8AF8A21C341F400E95DFC /* NSinvocation */,
				BDB8AF8921C341E900E95DFC /* methond */,
			);
			name = "消息转发";
			sourceTree = "<group>";
		};
		BD62E6A221AD283A009A22ED /* block底层原理 */ = {
			isa = PBXGroup;
			children = (
				BD5692B421B1121B00253724 /* blcok类型判断.png */,
				BD5692B221B10F8D00253724 /* block存储位置.png */,
				BD5692B021B10D3900253724 /* block本质 */,
				BD5692AE21B0E33D00253724 /* block变量捕获.png */,
				BD5692AC21B0DA8600253724 /* block示意图.png */,
				BD5692B621B1157E00253724 /* blockCopy后的类型转换.png */,
				BD62E6A321AD284E009A22ED /* BlockViewController.h */,
				BD62E6A421AD284E009A22ED /* BlockViewController.m */,
				BD56929A21AF863600253724 /* BlockNSObject.h */,
				BD56929B21AF863600253724 /* BlockNSObject.m */,
			);
			name = "block底层原理";
			sourceTree = "<group>";
		};
		BDB8AF8921C341E900E95DFC /* methond */ = {
			isa = PBXGroup;
			children = (
				BDB8AF8621C341BF00E95DFC /* SwizzMethondViewController.h */,
				BDB8AF8721C341BF00E95DFC /* SwizzMethondViewController.m */,
				BDB8AF8B21C3422400E95DFC /* Methond_people.h */,
				BDB8AF8C21C3422400E95DFC /* Methond_people.m */,
				BDB8AF8E21C3575900E95DFC /* Methond_bind.h */,
				BDB8AF8F21C3575900E95DFC /* Methond_bind.m */,
			);
			name = methond;
			sourceTree = "<group>";
		};
		BDB8AF8A21C341F400E95DFC /* NSinvocation */ = {
			isa = PBXGroup;
			children = (
				BD62E6A021ACF06F009A22ED /* NSInvocation */,
				BD62E69221ACE14D009A22ED /* NSInvocationViewController.h */,
				BD62E69321ACE14D009A22ED /* NSInvocationViewController.m */,
				BD62E69D21ACEBB5009A22ED /* InvoPeople.h */,
				BD62E69E21ACEBB5009A22ED /* InvoPeople.m */,
				BD56928F21AE2A8800253724 /* NSObject+performSelector.h */,
				BD56928E21AE2A8800253724 /* NSObject+performSelector.m */,
			);
			name = NSinvocation;
			sourceTree = "<group>";
		};
/* End PBXGroup section */

/* Begin PBXNativeTarget section */
		A0812E4C1F5E432B00E0F51D /* LearningReview */ = {
			isa = PBXNativeTarget;
			buildConfigurationList = A0812E7A1F5E432D00E0F51D /* Build configuration list for PBXNativeTarget "LearningReview" */;
			buildPhases = (
				A0812E491F5E432B00E0F51D /* Sources */,
				A0812E4A1F5E432B00E0F51D /* Frameworks */,
				A0812E4B1F5E432B00E0F51D /* Resources */,
			);
			buildRules = (
			);
			dependencies = (
			);
			name = LearningReview;
			productName = LearningReview;
			productReference = A0812E4D1F5E432B00E0F51D /* LearningReview.app */;
			productType = "com.apple.product-type.application";
		};
		A0812E651F5E432D00E0F51D /* LearningReviewTests */ = {
			isa = PBXNativeTarget;
			buildConfigurationList = A0812E7D1F5E432D00E0F51D /* Build configuration list for PBXNativeTarget "LearningReviewTests" */;
			buildPhases = (
				A0812E621F5E432D00E0F51D /* Sources */,
				A0812E631F5E432D00E0F51D /* Frameworks */,
				A0812E641F5E432D00E0F51D /* Resources */,
			);
			buildRules = (
			);
			dependencies = (
				A0812E681F5E432D00E0F51D /* PBXTargetDependency */,
			);
			name = LearningReviewTests;
			productName = LearningReviewTests;
			productReference = A0812E661F5E432D00E0F51D /* LearningReviewTests.xctest */;
			productType = "com.apple.product-type.bundle.unit-test";
		};
		A0812E701F5E432D00E0F51D /* LearningReviewUITests */ = {
			isa = PBXNativeTarget;
			buildConfigurationList = A0812E801F5E432D00E0F51D /* Build configuration list for PBXNativeTarget "LearningReviewUITests" */;
			buildPhases = (
				A0812E6D1F5E432D00E0F51D /* Sources */,
				A0812E6E1F5E432D00E0F51D /* Frameworks */,
				A0812E6F1F5E432D00E0F51D /* Resources */,
			);
			buildRules = (
			);
			dependencies = (
				A0812E731F5E432D00E0F51D /* PBXTargetDependency */,
			);
			name = LearningReviewUITests;
			productName = LearningReviewUITests;
			productReference = A0812E711F5E432D00E0F51D /* LearningReviewUITests.xctest */;
			productType = "com.apple.product-type.bundle.ui-testing";
		};
/* End PBXNativeTarget section */

/* Begin PBXProject section */
		A0812E451F5E432B00E0F51D /* Project object */ = {
			isa = PBXProject;
			attributes = {
				LastUpgradeCheck = 0830;
				ORGANIZATIONNAME = haohao;
				TargetAttributes = {
					A0812E4C1F5E432B00E0F51D = {
						CreatedOnToolsVersion = 8.3.2;
						DevelopmentTeam = Q5W8RSBGPH;
						ProvisioningStyle = Automatic;
					};
					A0812E651F5E432D00E0F51D = {
						CreatedOnToolsVersion = 8.3.2;
						DevelopmentTeam = Q5W8RSBGPH;
						ProvisioningStyle = Automatic;
						TestTargetID = A0812E4C1F5E432B00E0F51D;
					};
					A0812E701F5E432D00E0F51D = {
						CreatedOnToolsVersion = 8.3.2;
						DevelopmentTeam = Q5W8RSBGPH;
						ProvisioningStyle = Automatic;
						TestTargetID = A0812E4C1F5E432B00E0F51D;
					};
				};
			};
			buildConfigurationList = A0812E481F5E432B00E0F51D /* Build configuration list for PBXProject "LearningReview" */;
			compatibilityVersion = "Xcode 3.2";
			developmentRegion = English;
			hasScannedForEncodings = 0;
			knownRegions = (
				en,
				Base,
			);
			mainGroup = A0812E441F5E432B00E0F51D;
			productRefGroup = A0812E4E1F5E432B00E0F51D /* Products */;
			projectDirPath = "";
			projectRoot = "";
			targets = (
				A0812E4C1F5E432B00E0F51D /* LearningReview */,
				A0812E651F5E432D00E0F51D /* LearningReviewTests */,
				A0812E701F5E432D00E0F51D /* LearningReviewUITests */,
			);
		};
/* End PBXProject section */

/* Begin PBXResourcesBuildPhase section */
		A0812E4B1F5E432B00E0F51D /* Resources */ = {
			isa = PBXResourcesBuildPhase;
			buildActionMask = 2147483647;
			files = (
				A0812E881F5E439400E0F51D /* CoreAnimationViewController.xib in Resources */,
				BD5692B721B1157E00253724 /* blockCopy后的类型转换.png in Resources */,
				BD5692BF21B4D05900253724 /* runloop in Resources */,
				A0812EB11F5F7DA600E0F51D /* CAAnimationGroup in Resources */,
				A0812E8E1F5E89F300E0F51D /* CAKeyframeAnimationViewController.xib in Resources */,
				A0812EA91F5EA6E700E0F51D /* coreAnimation in Resources */,
				BD5692AF21B0E33D00253724 /* block变量捕获.png in Resources */,
				A0812EB71F5FC7F200E0F51D /* CATransactionViewController.xib in Resources */,
				A0812E9C1F5E9E5200E0F51D /* text.png in Resources */,
				A0812E901F5E8DD600E0F51D /* CABasicAnimation in Resources */,
				A0812E601F5E432C00E0F51D /* LaunchScreen.storyboard in Resources */,
				A0812EC11F5FCB7500E0F51D /* UIViewAnimation in Resources */,
				A0812E921F5E8E5C00E0F51D /* CAKeyframeAnimation in Resources */,
				BD5692B521B1121B00253724 /* blcok类型判断.png in Resources */,
				A0812E981F5E97C900E0F51D /* CATransitionViewController.xib in Resources */,
				BD5692AD21B0DA8600253724 /* block示意图.png in Resources */,
				BD5692B121B10D3A00253724 /* block本质 in Resources */,
				BD56929621AE2E7D00253724 /* CGContextRef in Resources */,
				A0812E9E1F5E9ED200E0F51D /* watermark.png in Resources */,
				A0812EA61F5EA1D000E0F51D /* CASpringAnimation in Resources */,
				A0812E9A1F5E97D400E0F51D /* CATransition in Resources */,
				A0812E5D1F5E432C00E0F51D /* Assets.xcassets in Resources */,
				BD5692AB21AFC04700253724 /* Object_NSObject in Resources */,
				A0812EA41F5EA1C400E0F51D /* CASpringAnimationViewController.xib in Resources */,
				A0812EAF1F5F7D9500E0F51D /* CAAnimationGroupViewController.xib in Resources */,
				A0812EBF1F5FCB5F00E0F51D /* UIViewCoreAnimationViewController.xib in Resources */,
				BD5692DB21B91AB900253724 /* runloop处理逻辑图.png in Resources */,
				A0812E5B1F5E432C00E0F51D /* Main.storyboard in Resources */,
				BD62E6A121ACF06F009A22ED /* NSInvocation in Resources */,
				BD5692B321B10F8D00253724 /* block存储位置.png in Resources */,
				A0812EB91F5FC80300E0F51D /* CATransaction in Resources */,
				BD5692D921B91A5700253724 /* runloop的管理方式.png in Resources */,
				BD5692A221AF8DBF00253724 /* Struct in Resources */,
			);
			runOnlyForDeploymentPostprocessing = 0;
		};
		A0812E641F5E432D00E0F51D /* Resources */ = {
			isa = PBXResourcesBuildPhase;
			buildActionMask = 2147483647;
			files = (
			);
			runOnlyForDeploymentPostprocessing = 0;
		};
		A0812E6F1F5E432D00E0F51D /* Resources */ = {
			isa = PBXResourcesBuildPhase;
			buildActionMask = 2147483647;
			files = (
			);
			runOnlyForDeploymentPostprocessing = 0;
		};
/* End PBXResourcesBuildPhase section */

/* Begin PBXSourcesBuildPhase section */
		A0812E491F5E432B00E0F51D /* Sources */ = {
			isa = PBXSourcesBuildPhase;
			buildActionMask = 2147483647;
			files = (
				BD62E69F21ACEBB5009A22ED /* InvoPeople.m in Sources */,
				A0812EB61F5FC7F200E0F51D /* CATransactionViewController.m in Sources */,
				BD5692A521AF8E9200253724 /* Struct.m in Sources */,
				BD56929021AE2A8800253724 /* NSObject+performSelector.m in Sources */,
				BDB8AF9021C3575900E95DFC /* Methond_bind.m in Sources */,
				A0812E871F5E439400E0F51D /* CoreAnimationViewController.m in Sources */,
				BD56929921AE3F9D00253724 /* CGContextView.m in Sources */,
				A0812E581F5E432C00E0F51D /* ViewController.m in Sources */,
				BD62E6A521AD284E009A22ED /* BlockViewController.m in Sources */,
				BD56929421AE2E6C00253724 /* CGContextRefViewController.m in Sources */,
				A0812E551F5E432C00E0F51D /* AppDelegate.m in Sources */,
				BDB8AF8D21C3422400E95DFC /* Methond_people.m in Sources */,
				BDB8AF8821C341BF00E95DFC /* SwizzMethondViewController.m in Sources */,
				A0812E8D1F5E89F300E0F51D /* CAKeyframeAnimationViewController.m in Sources */,
				A0812E521F5E432C00E0F51D /* main.m in Sources */,
				BD62E69421ACE14D009A22ED /* NSInvocationViewController.m in Sources */,
				A0812E971F5E97C900E0F51D /* CATransitionViewController.m in Sources */,
				A0812EAE1F5F7D9500E0F51D /* CAAnimationGroupViewController.m in Sources */,
				A0812EA31F5EA1C400E0F51D /* CASpringAnimationViewController.m in Sources */,
				BD5692A021AF8DAD00253724 /* StructViewController.m in Sources */,
				A0812EBE1F5FCB5F00E0F51D /* UIViewCoreAnimationViewController.m in Sources */,
				BD5692A921AFC03300253724 /* Object_NSObject.m in Sources */,
				BD56929C21AF863600253724 /* BlockNSObject.m in Sources */,
				BD5692BD21B4D02300253724 /* RunloopViewController.m in Sources */,
			);
			runOnlyForDeploymentPostprocessing = 0;
		};
		A0812E621F5E432D00E0F51D /* Sources */ = {
			isa = PBXSourcesBuildPhase;
			buildActionMask = 2147483647;
			files = (
				A0812E6B1F5E432D00E0F51D /* LearningReviewTests.m in Sources */,
			);
			runOnlyForDeploymentPostprocessing = 0;
		};
		A0812E6D1F5E432D00E0F51D /* Sources */ = {
			isa = PBXSourcesBuildPhase;
			buildActionMask = 2147483647;
			files = (
				A0812E761F5E432D00E0F51D /* LearningReviewUITests.m in Sources */,
			);
			runOnlyForDeploymentPostprocessing = 0;
		};
/* End PBXSourcesBuildPhase section */

/* Begin PBXTargetDependency section */
		A0812E681F5E432D00E0F51D /* PBXTargetDependency */ = {
			isa = PBXTargetDependency;
			target = A0812E4C1F5E432B00E0F51D /* LearningReview */;
			targetProxy = A0812E671F5E432D00E0F51D /* PBXContainerItemProxy */;
		};
		A0812E731F5E432D00E0F51D /* PBXTargetDependency */ = {
			isa = PBXTargetDependency;
			target = A0812E4C1F5E432B00E0F51D /* LearningReview */;
			targetProxy = A0812E721F5E432D00E0F51D /* PBXContainerItemProxy */;
		};
/* End PBXTargetDependency section */

/* Begin PBXVariantGroup section */
		A0812E591F5E432C00E0F51D /* Main.storyboard */ = {
			isa = PBXVariantGroup;
			children = (
				A0812E5A1F5E432C00E0F51D /* Base */,
			);
			name = Main.storyboard;
			sourceTree = "<group>";
		};
		A0812E5E1F5E432C00E0F51D /* LaunchScreen.storyboard */ = {
			isa = PBXVariantGroup;
			children = (
				A0812E5F1F5E432C00E0F51D /* Base */,
			);
			name = LaunchScreen.storyboard;
			sourceTree = "<group>";
		};
/* End PBXVariantGroup section */

/* Begin XCBuildConfiguration section */
		A0812E781F5E432D00E0F51D /* Debug */ = {
			isa = XCBuildConfiguration;
			buildSettings = {
				ALWAYS_SEARCH_USER_PATHS = NO;
				CLANG_ANALYZER_NONNULL = YES;
				CLANG_ANALYZER_NUMBER_OBJECT_CONVERSION = YES_AGGRESSIVE;
				CLANG_CXX_LANGUAGE_STANDARD = "gnu++0x";
				CLANG_CXX_LIBRARY = "libc++";
				CLANG_ENABLE_MODULES = YES;
				CLANG_ENABLE_OBJC_ARC = YES;
				CLANG_WARN_BOOL_CONVERSION = YES;
				CLANG_WARN_CONSTANT_CONVERSION = YES;
				CLANG_WARN_DIRECT_OBJC_ISA_USAGE = YES_ERROR;
				CLANG_WARN_DOCUMENTATION_COMMENTS = YES;
				CLANG_WARN_EMPTY_BODY = YES;
				CLANG_WARN_ENUM_CONVERSION = YES;
				CLANG_WARN_INFINITE_RECURSION = YES;
				CLANG_WARN_INT_CONVERSION = YES;
				CLANG_WARN_OBJC_ROOT_CLASS = YES_ERROR;
				CLANG_WARN_SUSPICIOUS_MOVE = YES;
				CLANG_WARN_UNREACHABLE_CODE = YES;
				CLANG_WARN__DUPLICATE_METHOD_MATCH = YES;
				"CODE_SIGN_IDENTITY[sdk=iphoneos*]" = "iPhone Developer";
				COPY_PHASE_STRIP = NO;
				DEBUG_INFORMATION_FORMAT = dwarf;
				ENABLE_STRICT_OBJC_MSGSEND = YES;
				ENABLE_TESTABILITY = YES;
				GCC_C_LANGUAGE_STANDARD = gnu99;
				GCC_DYNAMIC_NO_PIC = NO;
				GCC_NO_COMMON_BLOCKS = YES;
				GCC_OPTIMIZATION_LEVEL = 0;
				GCC_PREPROCESSOR_DEFINITIONS = (
					"DEBUG=1",
					"$(inherited)",
				);
				GCC_WARN_64_TO_32_BIT_CONVERSION = YES;
				GCC_WARN_ABOUT_RETURN_TYPE = YES_ERROR;
				GCC_WARN_UNDECLARED_SELECTOR = YES;
				GCC_WARN_UNINITIALIZED_AUTOS = YES_AGGRESSIVE;
				GCC_WARN_UNUSED_FUNCTION = YES;
				GCC_WARN_UNUSED_VARIABLE = YES;
				IPHONEOS_DEPLOYMENT_TARGET = 10.3;
				MTL_ENABLE_DEBUG_INFO = YES;
				ONLY_ACTIVE_ARCH = YES;
				SDKROOT = iphoneos;
				TARGETED_DEVICE_FAMILY = "1,2";
			};
			name = Debug;
		};
		A0812E791F5E432D00E0F51D /* Release */ = {
			isa = XCBuildConfiguration;
			buildSettings = {
				ALWAYS_SEARCH_USER_PATHS = NO;
				CLANG_ANALYZER_NONNULL = YES;
				CLANG_ANALYZER_NUMBER_OBJECT_CONVERSION = YES_AGGRESSIVE;
				CLANG_CXX_LANGUAGE_STANDARD = "gnu++0x";
				CLANG_CXX_LIBRARY = "libc++";
				CLANG_ENABLE_MODULES = YES;
				CLANG_ENABLE_OBJC_ARC = YES;
				CLANG_WARN_BOOL_CONVERSION = YES;
				CLANG_WARN_CONSTANT_CONVERSION = YES;
				CLANG_WARN_DIRECT_OBJC_ISA_USAGE = YES_ERROR;
				CLANG_WARN_DOCUMENTATION_COMMENTS = YES;
				CLANG_WARN_EMPTY_BODY = YES;
				CLANG_WARN_ENUM_CONVERSION = YES;
				CLANG_WARN_INFINITE_RECURSION = YES;
				CLANG_WARN_INT_CONVERSION = YES;
				CLANG_WARN_OBJC_ROOT_CLASS = YES_ERROR;
				CLANG_WARN_SUSPICIOUS_MOVE = YES;
				CLANG_WARN_UNREACHABLE_CODE = YES;
				CLANG_WARN__DUPLICATE_METHOD_MATCH = YES;
				"CODE_SIGN_IDENTITY[sdk=iphoneos*]" = "iPhone Developer";
				COPY_PHASE_STRIP = NO;
				DEBUG_INFORMATION_FORMAT = "dwarf-with-dsym";
				ENABLE_NS_ASSERTIONS = NO;
				ENABLE_STRICT_OBJC_MSGSEND = YES;
				GCC_C_LANGUAGE_STANDARD = gnu99;
				GCC_NO_COMMON_BLOCKS = YES;
				GCC_WARN_64_TO_32_BIT_CONVERSION = YES;
				GCC_WARN_ABOUT_RETURN_TYPE = YES_ERROR;
				GCC_WARN_UNDECLARED_SELECTOR = YES;
				GCC_WARN_UNINITIALIZED_AUTOS = YES_AGGRESSIVE;
				GCC_WARN_UNUSED_FUNCTION = YES;
				GCC_WARN_UNUSED_VARIABLE = YES;
				IPHONEOS_DEPLOYMENT_TARGET = 10.3;
				MTL_ENABLE_DEBUG_INFO = NO;
				SDKROOT = iphoneos;
				TARGETED_DEVICE_FAMILY = "1,2";
				VALIDATE_PRODUCT = YES;
			};
			name = Release;
		};
		A0812E7B1F5E432D00E0F51D /* Debug */ = {
			isa = XCBuildConfiguration;
			buildSettings = {
				ASSETCATALOG_COMPILER_APPICON_NAME = AppIcon;
				DEVELOPMENT_TEAM = Q5W8RSBGPH;
				INFOPLIST_FILE = LearningReview/Info.plist;
				LD_RUNPATH_SEARCH_PATHS = "$(inherited) @executable_path/Frameworks";
				PRODUCT_BUNDLE_IDENTIFIER = haohao.LearningReview;
				PRODUCT_NAME = "$(TARGET_NAME)";
			};
			name = Debug;
		};
		A0812E7C1F5E432D00E0F51D /* Release */ = {
			isa = XCBuildConfiguration;
			buildSettings = {
				ASSETCATALOG_COMPILER_APPICON_NAME = AppIcon;
				DEVELOPMENT_TEAM = Q5W8RSBGPH;
				INFOPLIST_FILE = LearningReview/Info.plist;
				LD_RUNPATH_SEARCH_PATHS = "$(inherited) @executable_path/Frameworks";
				PRODUCT_BUNDLE_IDENTIFIER = haohao.LearningReview;
				PRODUCT_NAME = "$(TARGET_NAME)";
			};
			name = Release;
		};
		A0812E7E1F5E432D00E0F51D /* Debug */ = {
			isa = XCBuildConfiguration;
			buildSettings = {
				BUNDLE_LOADER = "$(TEST_HOST)";
				DEVELOPMENT_TEAM = Q5W8RSBGPH;
				INFOPLIST_FILE = LearningReviewTests/Info.plist;
				LD_RUNPATH_SEARCH_PATHS = "$(inherited) @executable_path/Frameworks @loader_path/Frameworks";
				PRODUCT_BUNDLE_IDENTIFIER = haohao.LearningReviewTests;
				PRODUCT_NAME = "$(TARGET_NAME)";
				TEST_HOST = "$(BUILT_PRODUCTS_DIR)/LearningReview.app/LearningReview";
			};
			name = Debug;
		};
		A0812E7F1F5E432D00E0F51D /* Release */ = {
			isa = XCBuildConfiguration;
			buildSettings = {
				BUNDLE_LOADER = "$(TEST_HOST)";
				DEVELOPMENT_TEAM = Q5W8RSBGPH;
				INFOPLIST_FILE = LearningReviewTests/Info.plist;
				LD_RUNPATH_SEARCH_PATHS = "$(inherited) @executable_path/Frameworks @loader_path/Frameworks";
				PRODUCT_BUNDLE_IDENTIFIER = haohao.LearningReviewTests;
				PRODUCT_NAME = "$(TARGET_NAME)";
				TEST_HOST = "$(BUILT_PRODUCTS_DIR)/LearningReview.app/LearningReview";
			};
			name = Release;
		};
		A0812E811F5E432D00E0F51D /* Debug */ = {
			isa = XCBuildConfiguration;
			buildSettings = {
				DEVELOPMENT_TEAM = Q5W8RSBGPH;
				INFOPLIST_FILE = LearningReviewUITests/Info.plist;
				LD_RUNPATH_SEARCH_PATHS = "$(inherited) @executable_path/Frameworks @loader_path/Frameworks";
				PRODUCT_BUNDLE_IDENTIFIER = haohao.LearningReviewUITests;
				PRODUCT_NAME = "$(TARGET_NAME)";
				TEST_TARGET_NAME = LearningReview;
			};
			name = Debug;
		};
		A0812E821F5E432D00E0F51D /* Release */ = {
			isa = XCBuildConfiguration;
			buildSettings = {
				DEVELOPMENT_TEAM = Q5W8RSBGPH;
				INFOPLIST_FILE = LearningReviewUITests/Info.plist;
				LD_RUNPATH_SEARCH_PATHS = "$(inherited) @executable_path/Frameworks @loader_path/Frameworks";
				PRODUCT_BUNDLE_IDENTIFIER = haohao.LearningReviewUITests;
				PRODUCT_NAME = "$(TARGET_NAME)";
				TEST_TARGET_NAME = LearningReview;
			};
			name = Release;
		};
/* End XCBuildConfiguration section */

/* Begin XCConfigurationList section */
		A0812E481F5E432B00E0F51D /* Build configuration list for PBXProject "LearningReview" */ = {
			isa = XCConfigurationList;
			buildConfigurations = (
				A0812E781F5E432D00E0F51D /* Debug */,
				A0812E791F5E432D00E0F51D /* Release */,
			);
			defaultConfigurationIsVisible = 0;
			defaultConfigurationName = Release;
		};
		A0812E7A1F5E432D00E0F51D /* Build configuration list for PBXNativeTarget "LearningReview" */ = {
			isa = XCConfigurationList;
			buildConfigurations = (
				A0812E7B1F5E432D00E0F51D /* Debug */,
				A0812E7C1F5E432D00E0F51D /* Release */,
			);
			defaultConfigurationIsVisible = 0;
			defaultConfigurationName = Release;
		};
		A0812E7D1F5E432D00E0F51D /* Build configuration list for PBXNativeTarget "LearningReviewTests" */ = {
			isa = XCConfigurationList;
			buildConfigurations = (
				A0812E7E1F5E432D00E0F51D /* Debug */,
				A0812E7F1F5E432D00E0F51D /* Release */,
			);
			defaultConfigurationIsVisible = 0;
			defaultConfigurationName = Release;
		};
		A0812E801F5E432D00E0F51D /* Build configuration list for PBXNativeTarget "LearningReviewUITests" */ = {
			isa = XCConfigurationList;
			buildConfigurations = (
				A0812E811F5E432D00E0F51D /* Debug */,
				A0812E821F5E432D00E0F51D /* Release */,
			);
			defaultConfigurationIsVisible = 0;
			defaultConfigurationName = Release;
		};
/* End XCConfigurationList section */
	};
	rootObject = A0812E451F5E432B00E0F51D /* Project object */;
}
